// !$*UTF8*$!
{
	archiveVersion = 1;
	classes = {
	};
	objectVersion = 46;
	objects = {

/* Begin PBXBuildFile section */
		1669E51C166ED05F00C535A9 /* UIKit.framework in Frameworks */ = {isa = PBXBuildFile; fileRef = 1669E51B166ED05F00C535A9 /* UIKit.framework */; };
		1669E51E166ED05F00C535A9 /* Foundation.framework in Frameworks */ = {isa = PBXBuildFile; fileRef = 1669E51D166ED05F00C535A9 /* Foundation.framework */; };
		1669E520166ED05F00C535A9 /* CoreGraphics.framework in Frameworks */ = {isa = PBXBuildFile; fileRef = 1669E51F166ED05F00C535A9 /* CoreGraphics.framework */; };
		1669E526166ED05F00C535A9 /* InfoPlist.strings in Resources */ = {isa = PBXBuildFile; fileRef = 1669E524166ED05F00C535A9 /* InfoPlist.strings */; };
		1669E528166ED05F00C535A9 /* main.m in Sources */ = {isa = PBXBuildFile; fileRef = 1669E527166ED05F00C535A9 /* main.m */; };
		1669E52C166ED05F00C535A9 /* AppDelegate.m in Sources */ = {isa = PBXBuildFile; fileRef = 1669E52B166ED05F00C535A9 /* AppDelegate.m */; };
		1669E52E166ED05F00C535A9 /* Default.png in Resources */ = {isa = PBXBuildFile; fileRef = 1669E52D166ED05F00C535A9 /* Default.png */; };
		1669E530166ED05F00C535A9 /* Default@2x.png in Resources */ = {isa = PBXBuildFile; fileRef = 1669E52F166ED05F00C535A9 /* Default@2x.png */; };
		1669E532166ED05F00C535A9 /* Default-568h@2x.png in Resources */ = {isa = PBXBuildFile; fileRef = 1669E531166ED05F00C535A9 /* Default-568h@2x.png */; };
		1669E535166ED05F00C535A9 /* iPhone.storyboard in Resources */ = {isa = PBXBuildFile; fileRef = 1669E533166ED05F00C535A9 /* iPhone.storyboard */; };
		1669E53B166ED05F00C535A9 /* ViewController.m in Sources */ = {isa = PBXBuildFile; fileRef = 1669E53A166ED05F00C535A9 /* ViewController.m */; };
		1669E543166ED05F00C535A9 /* SenTestingKit.framework in Frameworks */ = {isa = PBXBuildFile; fileRef = 1669E542166ED05F00C535A9 /* SenTestingKit.framework */; };
		1669E544166ED05F00C535A9 /* UIKit.framework in Frameworks */ = {isa = PBXBuildFile; fileRef = 1669E51B166ED05F00C535A9 /* UIKit.framework */; };
		1669E545166ED05F00C535A9 /* Foundation.framework in Frameworks */ = {isa = PBXBuildFile; fileRef = 1669E51D166ED05F00C535A9 /* Foundation.framework */; };
		16D044E416718E13006D1FC5 /* UITouchTableView.m in Sources */ = {isa = PBXBuildFile; fileRef = 16D044E316718E13006D1FC5 /* UITouchTableView.m */; };
		16DAC9DD167287D400A2B44D /* libicucore.dylib in Frameworks */ = {isa = PBXBuildFile; fileRef = 16DAC9DC167287D400A2B44D /* libicucore.dylib */; };
		16DAC9DF167287DD00A2B44D /* Security.framework in Frameworks */ = {isa = PBXBuildFile; fileRef = 16DAC9DE167287DD00A2B44D /* Security.framework */; };
		16DAC9E1167287E400A2B44D /* CFNetwork.framework in Frameworks */ = {isa = PBXBuildFile; fileRef = 16DAC9E0167287E400A2B44D /* CFNetwork.framework */; };
		5F126E9719AFF9BE00A66FDC /* SystemConfiguration.framework in Frameworks */ = {isa = PBXBuildFile; fileRef = 5F126E9619AFF9BE00A66FDC /* SystemConfiguration.framework */; };
		5F126E9919AFF9C100A66FDC /* libc++.dylib in Frameworks */ = {isa = PBXBuildFile; fileRef = 5F126E9819AFF9C100A66FDC /* libc++.dylib */; };
		ED9A7E4216F7C6F100030E3E /* Firebase.framework in Frameworks */ = {isa = PBXBuildFile; fileRef = ED9A7E4116F7C6F100030E3E /* Firebase.framework */; };
/* End PBXBuildFile section */

/* Begin PBXContainerItemProxy section */
		1669E546166ED05F00C535A9 /* PBXContainerItemProxy */ = {
			isa = PBXContainerItemProxy;
			containerPortal = 1669E50E166ED05F00C535A9 /* Project object */;
			proxyType = 1;
			remoteGlobalIDString = 1669E516166ED05F00C535A9;
			remoteInfo = Firechat;
		};
/* End PBXContainerItemProxy section */

/* Begin PBXFileReference section */
		1669E517166ED05F00C535A9 /* Firechat.app */ = {isa = PBXFileReference; explicitFileType = wrapper.application; includeInIndex = 0; path = Firechat.app; sourceTree = BUILT_PRODUCTS_DIR; };
		1669E51B166ED05F00C535A9 /* UIKit.framework */ = {isa = PBXFileReference; lastKnownFileType = wrapper.framework; name = UIKit.framework; path = System/Library/Frameworks/UIKit.framework; sourceTree = SDKROOT; };
		1669E51D166ED05F00C535A9 /* Foundation.framework */ = {isa = PBXFileReference; lastKnownFileType = wrapper.framework; name = Foundation.framework; path = System/Library/Frameworks/Foundation.framework; sourceTree = SDKROOT; };
		1669E51F166ED05F00C535A9 /* CoreGraphics.framework */ = {isa = PBXFileReference; lastKnownFileType = wrapper.framework; name = CoreGraphics.framework; path = System/Library/Frameworks/CoreGraphics.framework; sourceTree = SDKROOT; };
		1669E523166ED05F00C535A9 /* Firechat-Info.plist */ = {isa = PBXFileReference; lastKnownFileType = text.plist.xml; path = "Firechat-Info.plist"; sourceTree = "<group>"; };
		1669E525166ED05F00C535A9 /* en */ = {isa = PBXFileReference; lastKnownFileType = text.plist.strings; name = en; path = en.lproj/InfoPlist.strings; sourceTree = "<group>"; };
		1669E527166ED05F00C535A9 /* main.m */ = {isa = PBXFileReference; lastKnownFileType = sourcecode.c.objc; path = main.m; sourceTree = "<group>"; };
		1669E529166ED05F00C535A9 /* Firechat-Prefix.pch */ = {isa = PBXFileReference; lastKnownFileType = sourcecode.c.h; path = "Firechat-Prefix.pch"; sourceTree = "<group>"; };
		1669E52A166ED05F00C535A9 /* AppDelegate.h */ = {isa = PBXFileReference; lastKnownFileType = sourcecode.c.h; path = AppDelegate.h; sourceTree = "<group>"; };
		1669E52B166ED05F00C535A9 /* AppDelegate.m */ = {isa = PBXFileReference; lastKnownFileType = sourcecode.c.objc; path = AppDelegate.m; sourceTree = "<group>"; };
		1669E52D166ED05F00C535A9 /* Default.png */ = {isa = PBXFileReference; lastKnownFileType = image.png; path = Default.png; sourceTree = "<group>"; };
		1669E52F166ED05F00C535A9 /* Default@2x.png */ = {isa = PBXFileReference; lastKnownFileType = image.png; path = "Default@2x.png"; sourceTree = "<group>"; };
		1669E531166ED05F00C535A9 /* Default-568h@2x.png */ = {isa = PBXFileReference; lastKnownFileType = image.png; path = "Default-568h@2x.png"; sourceTree = "<group>"; };
		1669E534166ED05F00C535A9 /* en */ = {isa = PBXFileReference; lastKnownFileType = file.storyboard; name = en; path = en.lproj/iPhone.storyboard; sourceTree = "<group>"; };
		1669E539166ED05F00C535A9 /* ViewController.h */ = {isa = PBXFileReference; lastKnownFileType = sourcecode.c.h; path = ViewController.h; sourceTree = "<group>"; };
		1669E53A166ED05F00C535A9 /* ViewController.m */ = {isa = PBXFileReference; lastKnownFileType = sourcecode.c.objc; path = ViewController.m; sourceTree = "<group>"; };
		1669E541166ED05F00C535A9 /* FirechatTests.octest */ = {isa = PBXFileReference; explicitFileType = wrapper.cfbundle; includeInIndex = 0; path = FirechatTests.octest; sourceTree = BUILT_PRODUCTS_DIR; };
		1669E542166ED05F00C535A9 /* SenTestingKit.framework */ = {isa = PBXFileReference; lastKnownFileType = wrapper.framework; name = SenTestingKit.framework; path = Library/Frameworks/SenTestingKit.framework; sourceTree = DEVELOPER_DIR; };
		16D044E216718E13006D1FC5 /* UITouchTableView.h */ = {isa = PBXFileReference; fileEncoding = 4; lastKnownFileType = sourcecode.c.h; path = UITouchTableView.h; sourceTree = "<group>"; };
		16D044E316718E13006D1FC5 /* UITouchTableView.m */ = {isa = PBXFileReference; fileEncoding = 4; lastKnownFileType = sourcecode.c.objc; path = UITouchTableView.m; sourceTree = "<group>"; };
		16DAC9DC167287D400A2B44D /* libicucore.dylib */ = {isa = PBXFileReference; lastKnownFileType = "compiled.mach-o.dylib"; name = libicucore.dylib; path = usr/lib/libicucore.dylib; sourceTree = SDKROOT; };
		16DAC9DE167287DD00A2B44D /* Security.framework */ = {isa = PBXFileReference; lastKnownFileType = wrapper.framework; name = Security.framework; path = System/Library/Frameworks/Security.framework; sourceTree = SDKROOT; };
		16DAC9E0167287E400A2B44D /* CFNetwork.framework */ = {isa = PBXFileReference; lastKnownFileType = wrapper.framework; name = CFNetwork.framework; path = System/Library/Frameworks/CFNetwork.framework; sourceTree = SDKROOT; };
		5F126E9619AFF9BE00A66FDC /* SystemConfiguration.framework */ = {isa = PBXFileReference; lastKnownFileType = wrapper.framework; name = SystemConfiguration.framework; path = System/Library/Frameworks/SystemConfiguration.framework; sourceTree = SDKROOT; };
		5F126E9819AFF9C100A66FDC /* libc++.dylib */ = {isa = PBXFileReference; lastKnownFileType = "compiled.mach-o.dylib"; name = "libc++.dylib"; path = "usr/lib/libc++.dylib"; sourceTree = SDKROOT; };
		ED9A7E4116F7C6F100030E3E /* Firebase.framework */ = {isa = PBXFileReference; lastKnownFileType = wrapper.framework; path = Firebase.framework; sourceTree = "<group>"; };
/* End PBXFileReference section */

/* Begin PBXFrameworksBuildPhase section */
		1669E514166ED05F00C535A9 /* Frameworks */ = {
			isa = PBXFrameworksBuildPhase;
			buildActionMask = 2147483647;
			files = (
				5F126E9919AFF9C100A66FDC /* libc++.dylib in Frameworks */,
				5F126E9719AFF9BE00A66FDC /* SystemConfiguration.framework in Frameworks */,
				16DAC9E1167287E400A2B44D /* CFNetwork.framework in Frameworks */,
				16DAC9DF167287DD00A2B44D /* Security.framework in Frameworks */,
				16DAC9DD167287D400A2B44D /* libicucore.dylib in Frameworks */,
				1669E51C166ED05F00C535A9 /* UIKit.framework in Frameworks */,
				1669E51E166ED05F00C535A9 /* Foundation.framework in Frameworks */,
				1669E520166ED05F00C535A9 /* CoreGraphics.framework in Frameworks */,
				ED9A7E4216F7C6F100030E3E /* Firebase.framework in Frameworks */,
			);
			runOnlyForDeploymentPostprocessing = 0;
		};
		1669E53D166ED05F00C535A9 /* Frameworks */ = {
			isa = PBXFrameworksBuildPhase;
			buildActionMask = 2147483647;
			files = (
				1669E543166ED05F00C535A9 /* SenTestingKit.framework in Frameworks */,
				1669E544166ED05F00C535A9 /* UIKit.framework in Frameworks */,
				1669E545166ED05F00C535A9 /* Foundation.framework in Frameworks */,
			);
			runOnlyForDeploymentPostprocessing = 0;
		};
/* End PBXFrameworksBuildPhase section */

/* Begin PBXGroup section */
		1669E50C166ED05F00C535A9 = {
			isa = PBXGroup;
			children = (
				1669E521166ED05F00C535A9 /* Firechat */,
				1669E51A166ED05F00C535A9 /* Frameworks */,
				1669E518166ED05F00C535A9 /* Products */,
			);
			sourceTree = "<group>";
		};
		1669E518166ED05F00C535A9 /* Products */ = {
			isa = PBXGroup;
			children = (
				1669E517166ED05F00C535A9 /* Firechat.app */,
				1669E541166ED05F00C535A9 /* FirechatTests.octest */,
			);
			name = Products;
			sourceTree = "<group>";
		};
		1669E51A166ED05F00C535A9 /* Frameworks */ = {
			isa = PBXGroup;
			children = (
				ED9A7E4116F7C6F100030E3E /* Firebase.framework */,
				16DAC9E0167287E400A2B44D /* CFNetwork.framework */,
				16DAC9DE167287DD00A2B44D /* Security.framework */,
				16DAC9DC167287D400A2B44D /* libicucore.dylib */,
				5F126E9819AFF9C100A66FDC /* libc++.dylib */,
				5F126E9619AFF9BE00A66FDC /* SystemConfiguration.framework */,
				1669E51B166ED05F00C535A9 /* UIKit.framework */,
				1669E51D166ED05F00C535A9 /* Foundation.framework */,
				1669E51F166ED05F00C535A9 /* CoreGraphics.framework */,
				1669E542166ED05F00C535A9 /* SenTestingKit.framework */,
			);
			name = Frameworks;
			sourceTree = "<group>";
		};
		1669E521166ED05F00C535A9 /* Firechat */ = {
			isa = PBXGroup;
			children = (
				1669E52A166ED05F00C535A9 /* AppDelegate.h */,
				1669E52B166ED05F00C535A9 /* AppDelegate.m */,
				1669E533166ED05F00C535A9 /* iPhone.storyboard */,
				1669E539166ED05F00C535A9 /* ViewController.h */,
				1669E53A166ED05F00C535A9 /* ViewController.m */,
				1669E522166ED05F00C535A9 /* Supporting Files */,
				16D044E216718E13006D1FC5 /* UITouchTableView.h */,
				16D044E316718E13006D1FC5 /* UITouchTableView.m */,
			);
			path = Firechat;
			sourceTree = "<group>";
		};
		1669E522166ED05F00C535A9 /* Supporting Files */ = {
			isa = PBXGroup;
			children = (
				1669E523166ED05F00C535A9 /* Firechat-Info.plist */,
				1669E524166ED05F00C535A9 /* InfoPlist.strings */,
				1669E527166ED05F00C535A9 /* main.m */,
				1669E529166ED05F00C535A9 /* Firechat-Prefix.pch */,
				1669E52D166ED05F00C535A9 /* Default.png */,
				1669E52F166ED05F00C535A9 /* Default@2x.png */,
				1669E531166ED05F00C535A9 /* Default-568h@2x.png */,
			);
			name = "Supporting Files";
			sourceTree = "<group>";
		};
/* End PBXGroup section */

/* Begin PBXNativeTarget section */
		1669E516166ED05F00C535A9 /* Firechat */ = {
			isa = PBXNativeTarget;
			buildConfigurationList = 1669E553166ED05F00C535A9 /* Build configuration list for PBXNativeTarget "Firechat" */;
			buildPhases = (
				1669E513166ED05F00C535A9 /* Sources */,
				1669E514166ED05F00C535A9 /* Frameworks */,
				1669E515166ED05F00C535A9 /* Resources */,
			);
			buildRules = (
			);
			dependencies = (
			);
			name = Firechat;
			productName = Firechat;
			productReference = 1669E517166ED05F00C535A9 /* Firechat.app */;
			productType = "com.apple.product-type.application";
		};
		1669E540166ED05F00C535A9 /* FirechatTests */ = {
			isa = PBXNativeTarget;
			buildConfigurationList = 1669E556166ED05F00C535A9 /* Build configuration list for PBXNativeTarget "FirechatTests" */;
			buildPhases = (
				1669E53C166ED05F00C535A9 /* Sources */,
				1669E53D166ED05F00C535A9 /* Frameworks */,
				1669E53E166ED05F00C535A9 /* Resources */,
				1669E53F166ED05F00C535A9 /* ShellScript */,
			);
			buildRules = (
			);
			dependencies = (
				1669E547166ED05F00C535A9 /* PBXTargetDependency */,
			);
			name = FirechatTests;
			productName = FirechatTests;
			productReference = 1669E541166ED05F00C535A9 /* FirechatTests.octest */;
			productType = "com.apple.product-type.bundle";
		};
/* End PBXNativeTarget section */

/* Begin PBXProject section */
		1669E50E166ED05F00C535A9 /* Project object */ = {
			isa = PBXProject;
			attributes = {
				LastUpgradeCheck = 0450;
				ORGANIZATIONNAME = Firebase;
			};
			buildConfigurationList = 1669E511166ED05F00C535A9 /* Build configuration list for PBXProject "Firechat" */;
			compatibilityVersion = "Xcode 3.2";
			developmentRegion = English;
			hasScannedForEncodings = 0;
			knownRegions = (
				en,
			);
			mainGroup = 1669E50C166ED05F00C535A9;
			productRefGroup = 1669E518166ED05F00C535A9 /* Products */;
			projectDirPath = "";
			projectRoot = "";
			targets = (
				1669E516166ED05F00C535A9 /* Firechat */,
				1669E540166ED05F00C535A9 /* FirechatTests */,
			);
		};
/* End PBXProject section */

/* Begin PBXResourcesBuildPhase section */
		1669E515166ED05F00C535A9 /* Resources */ = {
			isa = PBXResourcesBuildPhase;
			buildActionMask = 2147483647;
			files = (
				1669E526166ED05F00C535A9 /* InfoPlist.strings in Resources */,
				1669E52E166ED05F00C535A9 /* Default.png in Resources */,
				1669E530166ED05F00C535A9 /* Default@2x.png in Resources */,
				1669E532166ED05F00C535A9 /* Default-568h@2x.png in Resources */,
				1669E535166ED05F00C535A9 /* iPhone.storyboard in Resources */,
			);
			runOnlyForDeploymentPostprocessing = 0;
		};
		1669E53E166ED05F00C535A9 /* Resources */ = {
			isa = PBXResourcesBuildPhase;
			buildActionMask = 2147483647;
			files = (
			);
			runOnlyForDeploymentPostprocessing = 0;
		};
/* End PBXResourcesBuildPhase section */

/* Begin PBXShellScriptBuildPhase section */
		1669E53F166ED05F00C535A9 /* ShellScript */ = {
			isa = PBXShellScriptBuildPhase;
			buildActionMask = 2147483647;
			files = (
			);
			inputPaths = (
			);
			outputPaths = (
			);
			runOnlyForDeploymentPostprocessing = 0;
			shellPath = /bin/sh;
			shellScript = "# Run the unit tests in this test bundle.\n\"${SYSTEM_DEVELOPER_DIR}/Tools/RunUnitTests\"\n";
		};
/* End PBXShellScriptBuildPhase section */

/* Begin PBXSourcesBuildPhase section */
		1669E513166ED05F00C535A9 /* Sources */ = {
			isa = PBXSourcesBuildPhase;
			buildActionMask = 2147483647;
			files = (
				1669E528166ED05F00C535A9 /* main.m in Sources */,
				1669E52C166ED05F00C535A9 /* AppDelegate.m in Sources */,
				1669E53B166ED05F00C535A9 /* ViewController.m in Sources */,
				16D044E416718E13006D1FC5 /* UITouchTableView.m in Sources */,
			);
			runOnlyForDeploymentPostprocessing = 0;
		};
		1669E53C166ED05F00C535A9 /* Sources */ = {
			isa = PBXSourcesBuildPhase;
			buildActionMask = 2147483647;
			files = (
			);
			runOnlyForDeploymentPostprocessing = 0;
		};
/* End PBXSourcesBuildPhase section */

/* Begin PBXTargetDependency section */
		1669E547166ED05F00C535A9 /* PBXTargetDependency */ = {
			isa = PBXTargetDependency;
			target = 1669E516166ED05F00C535A9 /* Firechat */;
			targetProxy = 1669E546166ED05F00C535A9 /* PBXContainerItemProxy */;
		};
/* End PBXTargetDependency section */

/* Begin PBXVariantGroup section */
		1669E524166ED05F00C535A9 /* InfoPlist.strings */ = {
			isa = PBXVariantGroup;
			children = (
				1669E525166ED05F00C535A9 /* en */,
			);
			name = InfoPlist.strings;
			sourceTree = "<group>";
		};
		1669E533166ED05F00C535A9 /* iPhone.storyboard */ = {
			isa = PBXVariantGroup;
			children = (
				1669E534166ED05F00C535A9 /* en */,
			);
			name = iPhone.storyboard;
			sourceTree = "<group>";
		};
/* End PBXVariantGroup section */

/* Begin XCBuildConfiguration section */
		1669E551166ED05F00C535A9 /* Debug */ = {
			isa = XCBuildConfiguration;
			buildSettings = {
				ALWAYS_SEARCH_USER_PATHS = NO;
				CLANG_CXX_LANGUAGE_STANDARD = "gnu++0x";
				CLANG_CXX_LIBRARY = "libc++";
				CLANG_ENABLE_OBJC_ARC = YES;
				CLANG_WARN_EMPTY_BODY = YES;
				CLANG_WARN__DUPLICATE_METHOD_MATCH = YES;
				"CODE_SIGN_IDENTITY[sdk=iphoneos*]" = "iPhone Developer";
				COPY_PHASE_STRIP = NO;
				GCC_C_LANGUAGE_STANDARD = gnu99;
				GCC_DYNAMIC_NO_PIC = NO;
				GCC_OPTIMIZATION_LEVEL = 0;
				GCC_PREPROCESSOR_DEFINITIONS = (
					"DEBUG=1",
					"$(inherited)",
				);
				GCC_SYMBOLS_PRIVATE_EXTERN = NO;
				GCC_WARN_ABOUT_RETURN_TYPE = YES;
				GCC_WARN_UNINITIALIZED_AUTOS = YES;
				GCC_WARN_UNUSED_VARIABLE = YES;
				IPHONEOS_DEPLOYMENT_TARGET = 6.0;
				ONLY_ACTIVE_ARCH = YES;
				SDKROOT = iphoneos;
				TARGETED_DEVICE_FAMILY = "1,2";
			};
			name = Debug;
		};
		1669E552166ED05F00C535A9 /* Release */ = {
			isa = XCBuildConfiguration;
			buildSettings = {
				ALWAYS_SEARCH_USER_PATHS = NO;
				CLANG_CXX_LANGUAGE_STANDARD = "gnu++0x";
				CLANG_CXX_LIBRARY = "libc++";
				CLANG_ENABLE_OBJC_ARC = YES;
				CLANG_WARN_EMPTY_BODY = YES;
				CLANG_WARN__DUPLICATE_METHOD_MATCH = YES;
				"CODE_SIGN_IDENTITY[sdk=iphoneos*]" = "iPhone Developer";
				COPY_PHASE_STRIP = YES;
				GCC_C_LANGUAGE_STANDARD = gnu99;
				GCC_WARN_ABOUT_RETURN_TYPE = YES;
				GCC_WARN_UNINITIALIZED_AUTOS = YES;
				GCC_WARN_UNUSED_VARIABLE = YES;
				IPHONEOS_DEPLOYMENT_TARGET = 6.0;
				OTHER_CFLAGS = "-DNS_BLOCK_ASSERTIONS=1";
				SDKROOT = iphoneos;
				TARGETED_DEVICE_FAMILY = "1,2";
				VALIDATE_PRODUCT = YES;
			};
			name = Release;
		};
		1669E554166ED05F00C535A9 /* Debug */ = {
			isa = XCBuildConfiguration;
			buildSettings = {
				FRAMEWORK_SEARCH_PATHS = (
					"$(inherited)",
					"\"$(SRCROOT)\"",
				);
				GCC_PRECOMPILE_PREFIX_HEADER = YES;
				GCC_PREFIX_HEADER = "Firechat/Firechat-Prefix.pch";
				INFOPLIST_FILE = "Firechat/Firechat-Info.plist";
				OTHER_LDFLAGS = "-ObjC";
				PRODUCT_NAME = "$(TARGET_NAME)";
				TARGETED_DEVICE_FAMILY = 1;
				WRAPPER_EXTENSION = app;
			};
			name = Debug;
		};
		1669E555166ED05F00C535A9 /* Release */ = {
			isa = XCBuildConfiguration;
			buildSettings = {
				FRAMEWORK_SEARCH_PATHS = (
					"$(inherited)",
					"\"$(SRCROOT)\"",
				);
				GCC_PRECOMPILE_PREFIX_HEADER = YES;
				GCC_PREFIX_HEADER = "Firechat/Firechat-Prefix.pch";
				INFOPLIST_FILE = "Firechat/Firechat-Info.plist";
				OTHER_LDFLAGS = "-ObjC";
				PRODUCT_NAME = "$(TARGET_NAME)";
				TARGETED_DEVICE_FAMILY = 1;
				WRAPPER_EXTENSION = app;
			};
			name = Release;
		};
		1669E557166ED05F00C535A9 /* Debug */ = {
			isa = XCBuildConfiguration;
			buildSettings = {
				BUNDLE_LOADER = "$(BUILT_PRODUCTS_DIR)/Firechat.app/Firechat";
				FRAMEWORK_SEARCH_PATHS = (
					"\"$(SDKROOT)/Developer/Library/Frameworks\"",
					"\"$(DEVELOPER_LIBRARY_DIR)/Frameworks\"",
				);
				GCC_PRECOMPILE_PREFIX_HEADER = YES;
				GCC_PREFIX_HEADER = "Firechat/Firechat-Prefix.pch";
				INFOPLIST_FILE = "FirechatTests/FirechatTests-Info.plist";
				PRODUCT_NAME = "$(TARGET_NAME)";
				TEST_HOST = "$(BUNDLE_LOADER)";
				WRAPPER_EXTENSION = octest;
			};
			name = Debug;
		};
		1669E558166ED05F00C535A9 /* Release */ = {
			isa = XCBuildConfiguration;
			buildSettings = {
				BUNDLE_LOADER = "$(BUILT_PRODUCTS_DIR)/Firechat.app/Firechat";
				FRAMEWORK_SEARCH_PATHS = (
					"\"$(SDKROOT)/Developer/Library/Frameworks\"",
					"\"$(DEVELOPER_LIBRARY_DIR)/Frameworks\"",
				);
				GCC_PRECOMPILE_PREFIX_HEADER = YES;
				GCC_PREFIX_HEADER = "Firechat/Firechat-Prefix.pch";
				INFOPLIST_FILE = "FirechatTests/FirechatTests-Info.plist";
				PRODUCT_NAME = "$(TARGET_NAME)";
				TEST_HOST = "$(BUNDLE_LOADER)";
				WRAPPER_EXTENSION = octest;
			};
			name = Release;
		};
/* End XCBuildConfiguration section */

/* Begin XCConfigurationList section */
		1669E511166ED05F00C535A9 /* Build configuration list for PBXProject "Firechat" */ = {
			isa = XCConfigurationList;
			buildConfigurations = (
				1669E551166ED05F00C535A9 /* Debug */,
				1669E552166ED05F00C535A9 /* Release */,
			);
			defaultConfigurationIsVisible = 0;
			defaultConfigurationName = Release;
		};
		1669E553166ED05F00C535A9 /* Build configuration list for PBXNativeTarget "Firechat" */ = {
			isa = XCConfigurationList;
			buildConfigurations = (
				1669E554166ED05F00C535A9 /* Debug */,
				1669E555166ED05F00C535A9 /* Release */,
			);
			defaultConfigurationIsVisible = 0;
			defaultConfigurationName = Release;
		};
		1669E556166ED05F00C535A9 /* Build configuration list for PBXNativeTarget "FirechatTests" */ = {
			isa = XCConfigurationList;
			buildConfigurations = (
				1669E557166ED05F00C535A9 /* Debug */,
				1669E558166ED05F00C535A9 /* Release */,
			);
			defaultConfigurationIsVisible = 0;
			defaultConfigurationName = Release;
		};
/* End XCConfigurationList section */
	};
	rootObject = 1669E50E166ED05F00C535A9 /* Project object */;
}
